{
  "name": "obsidian",
  "version": "1.0.0",
  "lockfileVersion": 3,
  "requires": true,
  "packages": {
    "": {
      "name": "obsidian",
      "version": "1.0.0",
      "license": "ISC",
      "dependencies": {
        "markdown-it-wikilinks": "^1.4.0"
      }
    },
    "node_modules/extend": {
      "version": "3.0.2",
      "resolved": "https://registry.npmjs.org/extend/-/extend-3.0.2.tgz",
      "integrity": "sha512-fjquC59cD7CyW6urNXK0FBufkZcoiGG80wTuPujX590cB5Ttln20E2UB4S/WARVqhXffZl2LNgS+gQdPIIim/g=="
    },
    "node_modules/markdown-it-regexp": {
      "version": "0.4.0",
      "resolved": "https://registry.npmjs.org/markdown-it-regexp/-/markdown-it-regexp-0.4.0.tgz",
      "integrity": "sha512-0XQmr46K/rMKnI93Y3CLXsHj4jIioRETTAiVnJnjrZCEkGaDOmUxTbZj/aZ17G5NlRcVpWBYjqpwSlQ9lj+Kxw=="
    },
    "node_modules/markdown-it-wikilinks": {
      "version": "1.4.0",
      "resolved": "https://registry.npmjs.org/markdown-it-wikilinks/-/markdown-it-wikilinks-1.4.0.tgz",
      "integrity": "sha512-LJhRWett3Do9doMMkpodOV5pvAMZjOOODqcifPfd+jdobhdg3UY8i824L5657UBWx7HSbOqicwNUzcVjOiswgw==",
      "dependencies": {
        "extend": "^3.0.2",
        "markdown-it-regexp": "^0.4.0",
        "reurl": "git+https://github.com/jsepia/reurl.git#commonjs",
        "sanitize-filename": "^1.6.3"
      }
    },
    "node_modules/punycode": {
      "version": "2.3.1",
      "resolved": "https://registry.npmjs.org/punycode/-/punycode-2.3.1.tgz",
      "integrity": "sha512-vYt7UD1U9Wg6138shLtLOvdAu+8DsC/ilFtEVHcH+wydcSpNE20AfSOduf6MkRFahL5FY7X1oU7nKVZFtfq8Fg==",
      "engines": {
        "node": ">=6"
      }
    },
    "node_modules/reurl": {
      "version": "1.0.0-rc.2",
      "resolved": "git+ssh://git@github.com/jsepia/reurl.git#a3210117636c115fb139517fcfb2ea929025cded",
      "license": "MIT",
      "dependencies": {
        "spec-url": "^2.0.0-dev.1"
      }
    },
    "node_modules/sanitize-filename": {
      "version": "1.6.3",
      "resolved": "https://registry.npmjs.org/sanitize-filename/-/sanitize-filename-1.6.3.tgz",
      "integrity": "sha512-y/52Mcy7aw3gRm7IrcGDFx/bCk4AhRh2eI9luHOQM86nZsqwiRkkq2GekHXBBD+SmPidc8i2PqtYZl+pWJ8Oeg==",
      "dependencies": {
        "truncate-utf8-bytes": "^1.0.0"
      }
    },
    "node_modules/spec-url": {
      "version": "2.0.0-dev.1",
      "resolved": "https://registry.npmjs.org/spec-url/-/spec-url-2.0.0-dev.1.tgz",
      "integrity": "sha512-NKE2wT6tsvYa4xfVFcnjxSDFJwDOwU1NU2NhfnxFksutZrOShZ2p7pgQWS98Evq0cHMGBBjGQlbwrcAHLDywfw==",
      "dependencies": {
        "punycode": "^2.1.1"
      }
    },
    "node_modules/truncate-utf8-bytes": {
      "version": "1.0.2",
      "resolved": "https://registry.npmjs.org/truncate-utf8-bytes/-/truncate-utf8-bytes-1.0.2.tgz",
      "integrity": "sha512-95Pu1QXQvruGEhv62XCMO3Mm90GscOCClvrIUwCM0PYOXK3kaF3l3sIHxx71ThJfcbM2O5Au6SO3AWCSEfW4mQ==",
      "dependencies": {
        "utf8-byte-length": "^1.0.1"
      }
    },
    "node_modules/utf8-byte-length": {
      "version": "1.0.4",
      "resolved": "https://registry.npmjs.org/utf8-byte-length/-/utf8-byte-length-1.0.4.tgz",
      "integrity": "sha512-4+wkEYLBbWxqTahEsWrhxepcoVOJ+1z5PGIjPZxRkytcdSUaNjIjBM7Xn8E+pdSuV7SzvWovBFA54FO0JSoqhA=="
    }
  }
}
